
Microsoft Visual Studio Solution File, Format Version 12.00
# Visual Studio Version 17
VisualStudioVersion = 17.6.33815.320
MinimumVisualStudioVersion = 10.0.40219.1
Project("{9A19103F-16F7-4668-BE54-9A1E7A4F7556}") = "Server", "Server\Server.csproj", "{17F9C4A3-1FDD-4933-8652-CA1ADF6B2B46}"
EndProject
Project("{9A19103F-16F7-4668-BE54-9A1E7A4F7556}") = "BL", "BL\BL.csproj", "{90C26298-CC2D-45DB-9A22-01C5834C1499}"
EndProject
Project("{9A19103F-16F7-4668-BE54-9A1E7A4F7556}") = "Dal", "Dal\Dal.csproj", "{98911636-79B1-46AC-9F70-4645D43A37DB}"
EndProject
Global
	GlobalSection(SolutionConfigurationPlatforms) = preSolution
		Debug|Any CPU = Debug|Any CPU
		Release|Any CPU = Release|Any CPU
	EndGlobalSection
	GlobalSection(ProjectConfigurationPlatforms) = postSolution
		{17F9C4A3-1FDD-4933-8652-CA1ADF6B2B46}.Debug|Any CPU.ActiveCfg = Debug|Any CPU
		{17F9C4A3-1FDD-4933-8652-CA1ADF6B2B46}.Debug|Any CPU.Build.0 = Debug|Any CPU
		{17F9C4A3-1FDD-4933-8652-CA1ADF6B2B46}.Release|Any CPU.ActiveCfg = Release|Any CPU
		{17F9C4A3-1FDD-4933-8652-CA1ADF6B2B46}.Release|Any CPU.Build.0 = Release|Any CPU
		{90C26298-CC2D-45DB-9A22-01C5834C1499}.Debug|Any CPU.ActiveCfg = Debug|Any CPU
		{90C26298-CC2D-45DB-9A22-01C5834C1499}.Debug|Any CPU.Build.0 = Debug|Any CPU
		{90C26298-CC2D-45DB-9A22-01C5834C1499}.Release|Any CPU.ActiveCfg = Release|Any CPU
		{90C26298-CC2D-45DB-9A22-01C5834C1499}.Release|Any CPU.Build.0 = Release|Any CPU
		{98911636-79B1-46AC-9F70-4645D43A37DB}.Debug|Any CPU.ActiveCfg = Debug|Any CPU
		{98911636-79B1-46AC-9F70-4645D43A37DB}.Debug|Any CPU.Build.0 = Debug|Any CPU
		{98911636-79B1-46AC-9F70-4645D43A37DB}.Release|Any CPU.ActiveCfg = Release|Any CPU
		{98911636-79B1-46AC-9F70-4645D43A37DB}.Release|Any CPU.Build.0 = Release|Any CPU
	EndGlobalSection
	GlobalSection(SolutionProperties) = preSolution
		HideSolutionNode = FALSE
	EndGlobalSection
	GlobalSection(ExtensibilityGlobals) = postSolution
		SolutionGuid = {B7BE996E-6D7D-42ED-A724-495FD1324DED}
	EndGlobalSection
EndGlobal
